
Microsoft Visual Studio Solution File, Format Version 12.00
# Visual Studio Version 16
VisualStudioVersion = 16.0.33927.289
MinimumVisualStudioVersion = 10.0.40219.1
Project("{2150E333-8FDC-42A3-9474-1A3956D46DE8}") = "Task0", "Task0", "{2EC35CDD-8B3D-41C2-B228-80E0EF359F35}"
EndProject
Project("{8BC9CEB8-8B4A-11D0-8D11-00A0C91BC942}") = "Tyuiu.IbrayevAA.Sprint1.Task0.V0", "Tyuiu.IbrayevAA.Sprint1.Task0.V0\Tyuiu.IbrayevAA.Sprint1.Task0.V0.vcxproj", "{5CD521DE-5F4B-43AC-AD6E-DB1059F118A0}"
EndProject
Project("{8BC9CEB8-8B4A-11D0-8D11-00A0C91BC942}") = "Tyuiu.IbrayevAA.Sprint1.Task0.V0.Lib", "Tyuiu.IbrayevAA.Sprint1.Task0.V0.Lib\Tyuiu.IbrayevAA.Sprint1.Task0.V0.Lib.vcxproj", "{87321D22-7A16-46ED-B5B3-CC3A1694024E}"
EndProject
Project("{8BC9CEB8-8B4A-11D0-8D11-00A0C91BC942}") = "Tyuiu.IbrayevAA.Sprint1.Task0.V0.Test", "Tyuiu.IbrayevAA.Sprint1.Task0.V0.Test\Tyuiu.IbrayevAA.Sprint1.Task0.V0.Test.vcxproj", "{EE7C9C8E-8061-4C57-8BC4-2104B5456EB7}"
EndProject
Project("{2150E333-8FDC-42A3-9474-1A3956D46DE8}") = "Task1", "Task1", "{9050F923-506F-4C5C-8FAC-08A4DB0C81E7}"
EndProject
Project("{8BC9CEB8-8B4A-11D0-8D11-00A0C91BC942}") = "Tyuiu.IbrayevAA.Sprint1.Task1.V0", "Tyuiu.IbrayevAA.Sprint1.Task1.V0\Tyuiu.IbrayevAA.Sprint1.Task1.V0.vcxproj", "{F9162E53-B46D-42C4-89A8-882D9FF5C5D6}"
EndProject
Project("{8BC9CEB8-8B4A-11D0-8D11-00A0C91BC942}") = "Tyuiu.IbrayevAA.Sprint1.Task1.V0.Lib", "Tyuiu.IbrayevAA.Sprint1.Task1.V0.Lib\Tyuiu.IbrayevAA.Sprint1.Task1.V0.Lib.vcxproj", "{57D0578B-70EA-4EE4-A3CF-F1B28465B239}"
EndProject
Project("{8BC9CEB8-8B4A-11D0-8D11-00A0C91BC942}") = "Tyuiu.IbrayevAA.Sprint1.Task1.V0.Test", "Tyuiu.IbrayevAA.Sprint1.Task1.V0.Test\Tyuiu.IbrayevAA.Sprint1.Task1.V0.Test.vcxproj", "{EDF73637-F2E2-4856-8367-1615BE2CDB9B}"
EndProject
Project("{2150E333-8FDC-42A3-9474-1A3956D46DE8}") = "Task2", "Task2", "{44B106EC-68DE-43AA-91C0-129BE785F786}"
EndProject
Project("{8BC9CEB8-8B4A-11D0-8D11-00A0C91BC942}") = "Tyuiu.IbrayevAA.Sprint1.Task2.V0", "Tyuiu.IbrayevAA.Sprint1.Task2.V0\Tyuiu.IbrayevAA.Sprint1.Task2.V0.vcxproj", "{10E7FA17-9D30-4041-851B-7304FC9346A6}"
EndProject
Project("{8BC9CEB8-8B4A-11D0-8D11-00A0C91BC942}") = "Tyuiu.IbrayevAA.Sprint1.Task2.V0.Lib", "Tyuiu.IbrayevAA.Sprint1.Task2.V0.Lib\Tyuiu.IbrayevAA.Sprint1.Task2.V0.Lib.vcxproj", "{57BC7371-C7F5-494A-8102-E191E95A1B7B}"
EndProject
Project("{8BC9CEB8-8B4A-11D0-8D11-00A0C91BC942}") = "Tyuiu.IbrayevAA.Sprint1.Task2.V0.Test", "Tyuiu.IbrayevAA.Sprint1.Task2.V0.Test\Tyuiu.IbrayevAA.Sprint1.Task2.V0.Test.vcxproj", "{64B7F510-1FB8-4E1D-95D9-12EE6843B5E8}"
EndProject
Project("{2150E333-8FDC-42A3-9474-1A3956D46DE8}") = "Task3", "Task3", "{D7A2EB7C-E2CB-42BA-8815-3423A5A0B998}"
EndProject
Project("{8BC9CEB8-8B4A-11D0-8D11-00A0C91BC942}") = "Tyuiu.IbrayevAA.Sprint1.Task3.V0", "Tyuiu.IbrayevAA.Sprint1.Task3.V0\Tyuiu.IbrayevAA.Sprint1.Task3.V0.vcxproj", "{CDA0A356-8B84-476A-898B-C3B1C1D2887C}"
EndProject
Project("{8BC9CEB8-8B4A-11D0-8D11-00A0C91BC942}") = "Tyuiu.IbrayevAA.Sprint1.Task3.V0.Lib", "Tyuiu.IbrayevAA.Sprint1.Task3.V0.Lib\Tyuiu.IbrayevAA.Sprint1.Task3.V0.Lib.vcxproj", "{8084D915-417D-4D51-A292-083BD75C01F1}"
EndProject
Project("{8BC9CEB8-8B4A-11D0-8D11-00A0C91BC942}") = "Tyuiu.IbrayevAA.Sprint1.Task3.V0.Test", "Tyuiu.IbrayevAA.Sprint1.Task3.V0.Test\Tyuiu.IbrayevAA.Sprint1.Task3.V0.Test.vcxproj", "{83AA4279-E5AA-4ECB-8961-0079E598DAD7}"
EndProject
Global
	GlobalSection(SolutionConfigurationPlatforms) = preSolution
		Debug|x64 = Debug|x64
		Debug|x86 = Debug|x86
		Release|x64 = Release|x64
		Release|x86 = Release|x86
	EndGlobalSection
	GlobalSection(ProjectConfigurationPlatforms) = postSolution
		{5CD521DE-5F4B-43AC-AD6E-DB1059F118A0}.Debug|x64.ActiveCfg = Debug|x64
		{5CD521DE-5F4B-43AC-AD6E-DB1059F118A0}.Debug|x64.Build.0 = Debug|x64
		{5CD521DE-5F4B-43AC-AD6E-DB1059F118A0}.Debug|x86.ActiveCfg = Debug|Win32
		{5CD521DE-5F4B-43AC-AD6E-DB1059F118A0}.Debug|x86.Build.0 = Debug|Win32
		{5CD521DE-5F4B-43AC-AD6E-DB1059F118A0}.Release|x64.ActiveCfg = Release|x64
		{5CD521DE-5F4B-43AC-AD6E-DB1059F118A0}.Release|x64.Build.0 = Release|x64
		{5CD521DE-5F4B-43AC-AD6E-DB1059F118A0}.Release|x86.ActiveCfg = Release|Win32
		{5CD521DE-5F4B-43AC-AD6E-DB1059F118A0}.Release|x86.Build.0 = Release|Win32
		{87321D22-7A16-46ED-B5B3-CC3A1694024E}.Debug|x64.ActiveCfg = Debug|x64
		{87321D22-7A16-46ED-B5B3-CC3A1694024E}.Debug|x64.Build.0 = Debug|x64
		{87321D22-7A16-46ED-B5B3-CC3A1694024E}.Debug|x86.ActiveCfg = Debug|Win32
		{87321D22-7A16-46ED-B5B3-CC3A1694024E}.Debug|x86.Build.0 = Debug|Win32
		{87321D22-7A16-46ED-B5B3-CC3A1694024E}.Release|x64.ActiveCfg = Release|x64
		{87321D22-7A16-46ED-B5B3-CC3A1694024E}.Release|x64.Build.0 = Release|x64
		{87321D22-7A16-46ED-B5B3-CC3A1694024E}.Release|x86.ActiveCfg = Release|Win32
		{87321D22-7A16-46ED-B5B3-CC3A1694024E}.Release|x86.Build.0 = Release|Win32
		{EE7C9C8E-8061-4C57-8BC4-2104B5456EB7}.Debug|x64.ActiveCfg = Debug|x64
		{EE7C9C8E-8061-4C57-8BC4-2104B5456EB7}.Debug|x64.Build.0 = Debug|x64
		{EE7C9C8E-8061-4C57-8BC4-2104B5456EB7}.Debug|x86.ActiveCfg = Debug|Win32
		{EE7C9C8E-8061-4C57-8BC4-2104B5456EB7}.Debug|x86.Build.0 = Debug|Win32
		{EE7C9C8E-8061-4C57-8BC4-2104B5456EB7}.Release|x64.ActiveCfg = Release|x64
		{EE7C9C8E-8061-4C57-8BC4-2104B5456EB7}.Release|x64.Build.0 = Release|x64
		{EE7C9C8E-8061-4C57-8BC4-2104B5456EB7}.Release|x86.ActiveCfg = Release|Win32
		{EE7C9C8E-8061-4C57-8BC4-2104B5456EB7}.Release|x86.Build.0 = Release|Win32
		{F9162E53-B46D-42C4-89A8-882D9FF5C5D6}.Debug|x64.ActiveCfg = Debug|x64
		{F9162E53-B46D-42C4-89A8-882D9FF5C5D6}.Debug|x64.Build.0 = Debug|x64
		{F9162E53-B46D-42C4-89A8-882D9FF5C5D6}.Debug|x86.ActiveCfg = Debug|Win32
		{F9162E53-B46D-42C4-89A8-882D9FF5C5D6}.Debug|x86.Build.0 = Debug|Win32
		{F9162E53-B46D-42C4-89A8-882D9FF5C5D6}.Release|x64.ActiveCfg = Release|x64
		{F9162E53-B46D-42C4-89A8-882D9FF5C5D6}.Release|x64.Build.0 = Release|x64
		{F9162E53-B46D-42C4-89A8-882D9FF5C5D6}.Release|x86.ActiveCfg = Release|Win32
		{F9162E53-B46D-42C4-89A8-882D9FF5C5D6}.Release|x86.Build.0 = Release|Win32
		{57D0578B-70EA-4EE4-A3CF-F1B28465B239}.Debug|x64.ActiveCfg = Debug|x64
		{57D0578B-70EA-4EE4-A3CF-F1B28465B239}.Debug|x64.Build.0 = Debug|x64
		{57D0578B-70EA-4EE4-A3CF-F1B28465B239}.Debug|x86.ActiveCfg = Debug|Win32
		{57D0578B-70EA-4EE4-A3CF-F1B28465B239}.Debug|x86.Build.0 = Debug|Win32
		{57D0578B-70EA-4EE4-A3CF-F1B28465B239}.Release|x64.ActiveCfg = Release|x64
		{57D0578B-70EA-4EE4-A3CF-F1B28465B239}.Release|x64.Build.0 = Release|x64
		{57D0578B-70EA-4EE4-A3CF-F1B28465B239}.Release|x86.ActiveCfg = Release|Win32
		{57D0578B-70EA-4EE4-A3CF-F1B28465B239}.Release|x86.Build.0 = Release|Win32
		{EDF73637-F2E2-4856-8367-1615BE2CDB9B}.Debug|x64.ActiveCfg = Debug|x64
		{EDF73637-F2E2-4856-8367-1615BE2CDB9B}.Debug|x64.Build.0 = Debug|x64
		{EDF73637-F2E2-4856-8367-1615BE2CDB9B}.Debug|x86.ActiveCfg = Debug|Win32
		{EDF73637-F2E2-4856-8367-1615BE2CDB9B}.Debug|x86.Build.0 = Debug|Win32
		{EDF73637-F2E2-4856-8367-1615BE2CDB9B}.Release|x64.ActiveCfg = Release|x64
		{EDF73637-F2E2-4856-8367-1615BE2CDB9B}.Release|x64.Build.0 = Release|x64
		{EDF73637-F2E2-4856-8367-1615BE2CDB9B}.Release|x86.ActiveCfg = Release|Win32
		{EDF73637-F2E2-4856-8367-1615BE2CDB9B}.Release|x86.Build.0 = Release|Win32
		{10E7FA17-9D30-4041-851B-7304FC9346A6}.Debug|x64.ActiveCfg = Debug|x64
		{10E7FA17-9D30-4041-851B-7304FC9346A6}.Debug|x64.Build.0 = Debug|x64
		{10E7FA17-9D30-4041-851B-7304FC9346A6}.Debug|x86.ActiveCfg = Debug|Win32
		{10E7FA17-9D30-4041-851B-7304FC9346A6}.Debug|x86.Build.0 = Debug|Win32
		{10E7FA17-9D30-4041-851B-7304FC9346A6}.Release|x64.ActiveCfg = Release|x64
		{10E7FA17-9D30-4041-851B-7304FC9346A6}.Release|x64.Build.0 = Release|x64
		{10E7FA17-9D30-4041-851B-7304FC9346A6}.Release|x86.ActiveCfg = Release|Win32
		{10E7FA17-9D30-4041-851B-7304FC9346A6}.Release|x86.Build.0 = Release|Win32
		{57BC7371-C7F5-494A-8102-E191E95A1B7B}.Debug|x64.ActiveCfg = Debug|x64
		{57BC7371-C7F5-494A-8102-E191E95A1B7B}.Debug|x64.Build.0 = Debug|x64
		{57BC7371-C7F5-494A-8102-E191E95A1B7B}.Debug|x86.ActiveCfg = Debug|Win32
		{57BC7371-C7F5-494A-8102-E191E95A1B7B}.Debug|x86.Build.0 = Debug|Win32
		{57BC7371-C7F5-494A-8102-E191E95A1B7B}.Release|x64.ActiveCfg = Release|x64
		{57BC7371-C7F5-494A-8102-E191E95A1B7B}.Release|x64.Build.0 = Release|x64
		{57BC7371-C7F5-494A-8102-E191E95A1B7B}.Release|x86.ActiveCfg = Release|Win32
		{57BC7371-C7F5-494A-8102-E191E95A1B7B}.Release|x86.Build.0 = Release|Win32
		{64B7F510-1FB8-4E1D-95D9-12EE6843B5E8}.Debug|x64.ActiveCfg = Debug|x64
		{64B7F510-1FB8-4E1D-95D9-12EE6843B5E8}.Debug|x64.Build.0 = Debug|x64
		{64B7F510-1FB8-4E1D-95D9-12EE6843B5E8}.Debug|x86.ActiveCfg = Debug|Win32
		{64B7F510-1FB8-4E1D-95D9-12EE6843B5E8}.Debug|x86.Build.0 = Debug|Win32
		{64B7F510-1FB8-4E1D-95D9-12EE6843B5E8}.Release|x64.ActiveCfg = Release|x64
		{64B7F510-1FB8-4E1D-95D9-12EE6843B5E8}.Release|x64.Build.0 = Release|x64
		{64B7F510-1FB8-4E1D-95D9-12EE6843B5E8}.Release|x86.ActiveCfg = Release|Win32
		{64B7F510-1FB8-4E1D-95D9-12EE6843B5E8}.Release|x86.Build.0 = Release|Win32
		{CDA0A356-8B84-476A-898B-C3B1C1D2887C}.Debug|x64.ActiveCfg = Debug|x64
		{CDA0A356-8B84-476A-898B-C3B1C1D2887C}.Debug|x64.Build.0 = Debug|x64
		{CDA0A356-8B84-476A-898B-C3B1C1D2887C}.Debug|x86.ActiveCfg = Debug|Win32
		{CDA0A356-8B84-476A-898B-C3B1C1D2887C}.Debug|x86.Build.0 = Debug|Win32
		{CDA0A356-8B84-476A-898B-C3B1C1D2887C}.Release|x64.ActiveCfg = Release|x64
		{CDA0A356-8B84-476A-898B-C3B1C1D2887C}.Release|x64.Build.0 = Release|x64
		{CDA0A356-8B84-476A-898B-C3B1C1D2887C}.Release|x86.ActiveCfg = Release|Win32
		{CDA0A356-8B84-476A-898B-C3B1C1D2887C}.Release|x86.Build.0 = Release|Win32
		{8084D915-417D-4D51-A292-083BD75C01F1}.Debug|x64.ActiveCfg = Debug|x64
		{8084D915-417D-4D51-A292-083BD75C01F1}.Debug|x64.Build.0 = Debug|x64
		{8084D915-417D-4D51-A292-083BD75C01F1}.Debug|x86.ActiveCfg = Debug|Win32
		{8084D915-417D-4D51-A292-083BD75C01F1}.Debug|x86.Build.0 = Debug|Win32
		{8084D915-417D-4D51-A292-083BD75C01F1}.Release|x64.ActiveCfg = Release|x64
		{8084D915-417D-4D51-A292-083BD75C01F1}.Release|x64.Build.0 = Release|x64
		{8084D915-417D-4D51-A292-083BD75C01F1}.Release|x86.ActiveCfg = Release|Win32
		{8084D915-417D-4D51-A292-083BD75C01F1}.Release|x86.Build.0 = Release|Win32
		{83AA4279-E5AA-4ECB-8961-0079E598DAD7}.Debug|x64.ActiveCfg = Debug|x64
		{83AA4279-E5AA-4ECB-8961-0079E598DAD7}.Debug|x64.Build.0 = Debug|x64
		{83AA4279-E5AA-4ECB-8961-0079E598DAD7}.Debug|x86.ActiveCfg = Debug|Win32
		{83AA4279-E5AA-4ECB-8961-0079E598DAD7}.Debug|x86.Build.0 = Debug|Win32
		{83AA4279-E5AA-4ECB-8961-0079E598DAD7}.Release|x64.ActiveCfg = Release|x64
		{83AA4279-E5AA-4ECB-8961-0079E598DAD7}.Release|x64.Build.0 = Release|x64
		{83AA4279-E5AA-4ECB-8961-0079E598DAD7}.Release|x86.ActiveCfg = Release|Win32
		{83AA4279-E5AA-4ECB-8961-0079E598DAD7}.Release|x86.Build.0 = Release|Win32
	EndGlobalSection
	GlobalSection(SolutionProperties) = preSolution
		HideSolutionNode = FALSE
	EndGlobalSection
	GlobalSection(NestedProjects) = preSolution
		{5CD521DE-5F4B-43AC-AD6E-DB1059F118A0} = {2EC35CDD-8B3D-41C2-B228-80E0EF359F35}
		{87321D22-7A16-46ED-B5B3-CC3A1694024E} = {2EC35CDD-8B3D-41C2-B228-80E0EF359F35}
		{EE7C9C8E-8061-4C57-8BC4-2104B5456EB7} = {2EC35CDD-8B3D-41C2-B228-80E0EF359F35}
		{F9162E53-B46D-42C4-89A8-882D9FF5C5D6} = {9050F923-506F-4C5C-8FAC-08A4DB0C81E7}
		{57D0578B-70EA-4EE4-A3CF-F1B28465B239} = {9050F923-506F-4C5C-8FAC-08A4DB0C81E7}
		{EDF73637-F2E2-4856-8367-1615BE2CDB9B} = {9050F923-506F-4C5C-8FAC-08A4DB0C81E7}
		{10E7FA17-9D30-4041-851B-7304FC9346A6} = {44B106EC-68DE-43AA-91C0-129BE785F786}
		{57BC7371-C7F5-494A-8102-E191E95A1B7B} = {44B106EC-68DE-43AA-91C0-129BE785F786}
		{64B7F510-1FB8-4E1D-95D9-12EE6843B5E8} = {44B106EC-68DE-43AA-91C0-129BE785F786}
		{CDA0A356-8B84-476A-898B-C3B1C1D2887C} = {D7A2EB7C-E2CB-42BA-8815-3423A5A0B998}
		{8084D915-417D-4D51-A292-083BD75C01F1} = {D7A2EB7C-E2CB-42BA-8815-3423A5A0B998}
		{83AA4279-E5AA-4ECB-8961-0079E598DAD7} = {D7A2EB7C-E2CB-42BA-8815-3423A5A0B998}
	EndGlobalSection
	GlobalSection(ExtensibilityGlobals) = postSolution
		SolutionGuid = {2EE89E84-4735-4E4C-94A7-3C6BDED382D8}
	EndGlobalSection
EndGlobal
